
Microsoft Visual Studio Solution File, Format Version 12.00
# Visual Studio 15
VisualStudioVersion = 15.0.27703.2026
MinimumVisualStudioVersion = 10.0.40219.1
Project("{FAE04EC0-301F-11D3-BF4B-00C04F79EFBC}") = "CosKernel", "CosKernel\CosKernel.csproj", "{66E090B9-7F4A-4C45-9F92-559E1EBE7D8A}"
EndProject
Project("{471EC4BB-E47E-4229-A789-D1F5F83B52D4}") = "CosKernelBoot", "CosKernel\CosKernelBoot.Cosmos", "{984C20E5-69B7-4F8B-A5E0-E440D0051A8D}"
EndProject
Global
	GlobalSection(SolutionConfigurationPlatforms) = preSolution
		Debug|Any CPU = Debug|Any CPU
		Release|Any CPU = Release|Any CPU
	EndGlobalSection
	GlobalSection(ProjectConfigurationPlatforms) = postSolution
		{66E090B9-7F4A-4C45-9F92-559E1EBE7D8A}.Debug|Any CPU.ActiveCfg = Debug|Any CPU
		{66E090B9-7F4A-4C45-9F92-559E1EBE7D8A}.Debug|Any CPU.Build.0 = Debug|Any CPU
		{66E090B9-7F4A-4C45-9F92-559E1EBE7D8A}.Release|Any CPU.ActiveCfg = Release|Any CPU
		{66E090B9-7F4A-4C45-9F92-559E1EBE7D8A}.Release|Any CPU.Build.0 = Release|Any CPU
		{984C20E5-69B7-4F8B-A5E0-E440D0051A8D}.Debug|Any CPU.ActiveCfg = Debug|Any CPU
		{984C20E5-69B7-4F8B-A5E0-E440D0051A8D}.Debug|Any CPU.Build.0 = Debug|Any CPU
		{984C20E5-69B7-4F8B-A5E0-E440D0051A8D}.Release|Any CPU.ActiveCfg = Release|Any CPU
		{984C20E5-69B7-4F8B-A5E0-E440D0051A8D}.Release|Any CPU.Build.0 = Release|Any CPU
	EndGlobalSection
	GlobalSection(SolutionProperties) = preSolution
		HideSolutionNode = FALSE
	EndGlobalSection
	GlobalSection(ExtensibilityGlobals) = postSolution
		SolutionGuid = {841129F7-191F-467E-A186-C55A3C6097ED}
	EndGlobalSection
EndGlobal
